<?xml version="1.0" encoding="utf-8"?>
<Project ToolsVersion="4.0" xmlns="http://schemas.microsoft.com/developer/msbuild/2003">
  <ItemGroup>
    <Filter Include="Generated Files">
      <UniqueIdentifier>{71ED8ED8-ACB9-4CE9-BBE1-E00B30144E11}</UniqueIdentifier>
      <Extensions>cpp;c;cxx;moc;h;def;odl;idl;res;</Extensions>
    </Filter>
    <Filter Include="Generated Files">
      <UniqueIdentifier>{71ED8ED8-ACB9-4CE9-BBE1-E00B30144E11}</UniqueIdentifier>
      <Extensions>cpp;c;cxx;moc;h;def;odl;idl;res;</Extensions>
    </Filter>
    <Filter Include="Header Files">
      <UniqueIdentifier>{93995380-89BD-4b04-88EB-625FBE52EBFB}</UniqueIdentifier>
      <Extensions>h;hpp;hxx;hm;inl;inc;xsd</Extensions>
    </Filter>
    <Filter Include="Header Files">
      <UniqueIdentifier>{93995380-89BD-4b04-88EB-625FBE52EBFB}</UniqueIdentifier>
      <Extensions>h;hpp;hxx;hm;inl;inc;xsd</Extensions>
    </Filter>
    <Filter Include="Source Files">
      <UniqueIdentifier>{4FC737F1-C7A5-4376-A066-2A32D752A2FF}</UniqueIdentifier>
      <Extensions>cpp;c;cxx;def;odl;idl;hpj;bat;asm;asmx</Extensions>
    </Filter>
    <Filter Include="Source Files">
      <UniqueIdentifier>{4FC737F1-C7A5-4376-A066-2A32D752A2FF}</UniqueIdentifier>
      <Extensions>cpp;c;cxx;def;odl;idl;hpj;bat;asm;asmx</Extensions>
    </Filter>
  </ItemGroup>
  <ItemGroup>
    <ClCompile Include="AnimationSet.cpp">
      <Filter>Source Files</Filter>
    </ClCompile>
    <ClCompile Include="BodySet.cpp">
      <Filter>Source Files</Filter>
    </ClCompile>
    <ClCompile Include="BornSet.cpp">
      <Filter>Source Files</Filter>
    </ClCompile>
    <ClCompile Include="CameraSet.cpp">
      <Filter>Source Files</Filter>
    </ClCompile>
    <ClCompile Include="DisplayImage.cpp">
      <Filter>Source Files</Filter>
    </ClCompile>
    <ClCompile Include="GUISet.cpp">
      <Filter>Source Files</Filter>
    </ClCompile>
    <ClCompile Include="GUITextSet.cpp">
      <Filter>Source Files</Filter>
    </ClCompile>
    <ClCompile Include="ImageSet.cpp">
      <Filter>Source Files</Filter>
    </ClCompile>
    <ClCompile Include="LightSet.cpp">
      <Filter>Source Files</Filter>
    </ClCompile>
    <ClCompile Include="NodeSet.cpp">
      <Filter>Source Files</Filter>
    </ClCompile>
    <ClCompile Include="OgreRTCApplication.cpp">
      <Filter>Source Files</Filter>
    </ClCompile>
    <ClCompile Include="OgreWidget.cpp">
      <Filter>Source Files</Filter>
    </ClCompile>
    <ClCompile Include="OtherSet.cpp">
      <Filter>Source Files</Filter>
    </ClCompile>
    <ClCompile Include="ParticleSet.cpp">
      <Filter>Source Files</Filter>
    </ClCompile>
    <ClCompile Include="RTCmain.cpp">
      <Filter>Source Files</Filter>
    </ClCompile>
    <ClCompile Include="SimBodySet.cpp">
      <Filter>Source Files</Filter>
    </ClCompile>
    <ClCompile Include="SimJointSet.cpp">
      <Filter>Source Files</Filter>
    </ClCompile>
    <ClCompile Include="SimulationSet.cpp">
      <Filter>Source Files</Filter>
    </ClCompile>
    <ClCompile Include="SubWindow.cpp">
      <Filter>Source Files</Filter>
    </ClCompile>
    <ClCompile Include="SubWindowSet.cpp">
      <Filter>Source Files</Filter>
    </ClCompile>
    <ClCompile Include="mainwindow.cpp">
      <Filter>Source Files</Filter>
    </ClCompile>
    <ClCompile Include="debug\qrc_OgreRTC.cpp">
      <Filter>Generated Files</Filter>
    </ClCompile>
    <ClCompile Include="release\qrc_OgreRTC.cpp">
      <Filter>Generated Files</Filter>
    </ClCompile>
    <ClCompile Include="AnimationObj.cpp">
      <Filter>Source Files</Filter>
    </ClCompile>
    <ClCompile Include="FileStreamFunc.cpp">
      <Filter>Source Files</Filter>
    </ClCompile>
    <ClCompile Include="GUIObj.cpp">
      <Filter>Source Files</Filter>
    </ClCompile>
    <ClCompile Include="ImageSetObj.cpp">
      <Filter>Source Files</Filter>
    </ClCompile>
    <ClCompile Include="LightObj.cpp">
      <Filter>Source Files</Filter>
    </ClCompile>
    <ClCompile Include="LinkObj.cpp">
      <Filter>Source Files</Filter>
    </ClCompile>
    <ClCompile Include="NodeObj.cpp">
      <Filter>Source Files</Filter>
    </ClCompile>
    <ClCompile Include="ODEBodyObj.cpp">
      <Filter>Source Files</Filter>
    </ClCompile>
    <ClCompile Include="ODEJointObj.cpp">
      <Filter>Source Files</Filter>
    </ClCompile>
    <ClCompile Include="OgreMacro.cpp">
      <Filter>Source Files</Filter>
    </ClCompile>
    <ClCompile Include="ParticleObj.cpp">
      <Filter>Source Files</Filter>
    </ClCompile>
    <ClCompile Include="PythonBoostObj.cpp">
      <Filter>Source Files</Filter>
    </ClCompile>
    <ClCompile Include="QtMacro.cpp">
      <Filter>Source Files</Filter>
    </ClCompile>
    <ClCompile Include="SimulationObj.cpp">
      <Filter>Source Files</Filter>
    </ClCompile>
    <ClCompile Include="thirdparty\UnicodeF.cpp">
      <Filter>Source Files</Filter>
    </ClCompile>
    <ClCompile Include="thirdparty\BaseApplication.cpp">
      <Filter>Source Files</Filter>
    </ClCompile>
    <ClCompile Include="thirdparty\CEGUIFunc.cpp">
      <Filter>Source Files</Filter>
    </ClCompile>
  </ItemGroup>
  <ItemGroup>
    <CustomBuild Include="AnimationSet.h">
      <Filter>Header Files</Filter>
    </CustomBuild>
    <CustomBuild Include="BodySet.h">
      <Filter>Header Files</Filter>
    </CustomBuild>
    <CustomBuild Include="BornSet.h">
      <Filter>Header Files</Filter>
    </CustomBuild>
    <CustomBuild Include="CameraSet.h">
      <Filter>Header Files</Filter>
    </CustomBuild>
    <ClInclude Include="DisplayImage.h">
      <Filter>Header Files</Filter>
    </ClInclude>
    <CustomBuild Include="GUISet.h">
      <Filter>Header Files</Filter>
    </CustomBuild>
    <CustomBuild Include="GUITextSet.h">
      <Filter>Header Files</Filter>
    </CustomBuild>
    <CustomBuild Include="ImageSet.h">
      <Filter>Header Files</Filter>
    </CustomBuild>
    <CustomBuild Include="LightSet.h">
      <Filter>Header Files</Filter>
    </CustomBuild>
    <CustomBuild Include="NodeSet.h">
      <Filter>Header Files</Filter>
    </CustomBuild>
    <ClInclude Include="OgreRTCApplication.h">
      <Filter>Header Files</Filter>
    </ClInclude>
    <CustomBuild Include="OgreWidget.h">
      <Filter>Header Files</Filter>
    </CustomBuild>
    <CustomBuild Include="OtherSet.h">
      <Filter>Header Files</Filter>
    </CustomBuild>
    <CustomBuild Include="ParticleSet.h">
      <Filter>Header Files</Filter>
    </CustomBuild>
    <CustomBuild Include="SimBodySet.h">
      <Filter>Header Files</Filter>
    </CustomBuild>
    <CustomBuild Include="SimJointSet.h">
      <Filter>Header Files</Filter>
    </CustomBuild>
    <CustomBuild Include="SimulationSet.h">
      <Filter>Header Files</Filter>
    </CustomBuild>
    <ClInclude Include="SubWindow.h">
      <Filter>Header Files</Filter>
    </ClInclude>
    <CustomBuild Include="SubWindowSet.h">
      <Filter>Header Files</Filter>
    </CustomBuild>
    <CustomBuild Include="mainwindow.h">
      <Filter>Header Files</Filter>
    </CustomBuild>
    <CustomBuild Include="OgreRTC.qrc" />
  </ItemGroup>
  <ItemGroup>
    <ClCompile Include="debug\moc_AnimationSet.cpp">
      <Filter>Generated Files</Filter>
    </ClCompile>
    <ClCompile Include="release\moc_AnimationSet.cpp">
      <Filter>Generated Files</Filter>
    </ClCompile>
    <ClCompile Include="debug\moc_BodySet.cpp">
      <Filter>Generated Files</Filter>
    </ClCompile>
    <ClCompile Include="release\moc_BodySet.cpp">
      <Filter>Generated Files</Filter>
    </ClCompile>
    <ClCompile Include="debug\moc_BornSet.cpp">
      <Filter>Generated Files</Filter>
    </ClCompile>
    <ClCompile Include="release\moc_BornSet.cpp">
      <Filter>Generated Files</Filter>
    </ClCompile>
    <ClCompile Include="debug\moc_CameraSet.cpp">
      <Filter>Generated Files</Filter>
    </ClCompile>
    <ClCompile Include="release\moc_CameraSet.cpp">
      <Filter>Generated Files</Filter>
    </ClCompile>
    <ClCompile Include="debug\moc_GUISet.cpp">
      <Filter>Generated Files</Filter>
    </ClCompile>
    <ClCompile Include="release\moc_GUISet.cpp">
      <Filter>Generated Files</Filter>
    </ClCompile>
    <ClCompile Include="debug\moc_GUITextSet.cpp">
      <Filter>Generated Files</Filter>
    </ClCompile>
    <ClCompile Include="release\moc_GUITextSet.cpp">
      <Filter>Generated Files</Filter>
    </ClCompile>
    <ClCompile Include="debug\moc_ImageSet.cpp">
      <Filter>Generated Files</Filter>
    </ClCompile>
    <ClCompile Include="release\moc_ImageSet.cpp">
      <Filter>Generated Files</Filter>
    </ClCompile>
    <ClCompile Include="debug\moc_LightSet.cpp">
      <Filter>Generated Files</Filter>
    </ClCompile>
    <ClCompile Include="release\moc_LightSet.cpp">
      <Filter>Generated Files</Filter>
    </ClCompile>
    <ClCompile Include="debug\moc_NodeSet.cpp">
      <Filter>Generated Files</Filter>
    </ClCompile>
    <ClCompile Include="release\moc_NodeSet.cpp">
      <Filter>Generated Files</Filter>
    </ClCompile>
    <ClCompile Include="debug\moc_OgreWidget.cpp">
      <Filter>Generated Files</Filter>
    </ClCompile>
    <ClCompile Include="release\moc_OgreWidget.cpp">
      <Filter>Generated Files</Filter>
    </ClCompile>
    <ClCompile Include="debug\moc_OtherSet.cpp">
      <Filter>Generated Files</Filter>
    </ClCompile>
    <ClCompile Include="release\moc_OtherSet.cpp">
      <Filter>Generated Files</Filter>
    </ClCompile>
    <ClCompile Include="debug\moc_ParticleSet.cpp">
      <Filter>Generated Files</Filter>
    </ClCompile>
    <ClCompile Include="release\moc_ParticleSet.cpp">
      <Filter>Generated Files</Filter>
    </ClCompile>
    <ClCompile Include="debug\moc_SimBodySet.cpp">
      <Filter>Generated Files</Filter>
    </ClCompile>
    <ClCompile Include="release\moc_SimBodySet.cpp">
      <Filter>Generated Files</Filter>
    </ClCompile>
    <ClCompile Include="debug\moc_SimJointSet.cpp">
      <Filter>Generated Files</Filter>
    </ClCompile>
    <ClCompile Include="release\moc_SimJointSet.cpp">
      <Filter>Generated Files</Filter>
    </ClCompile>
    <ClCompile Include="debug\moc_SimulationSet.cpp">
      <Filter>Generated Files</Filter>
    </ClCompile>
    <ClCompile Include="release\moc_SimulationSet.cpp">
      <Filter>Generated Files</Filter>
    </ClCompile>
    <ClCompile Include="debug\moc_SubWindowSet.cpp">
      <Filter>Generated Files</Filter>
    </ClCompile>
    <ClCompile Include="release\moc_SubWindowSet.cpp">
      <Filter>Generated Files</Filter>
    </ClCompile>
    <ClCompile Include="debug\moc_mainwindow.cpp">
      <Filter>Generated Files</Filter>
    </ClCompile>
    <ClCompile Include="release\moc_mainwindow.cpp">
      <Filter>Generated Files</Filter>
    </ClCompile>
  </ItemGroup>
  <ItemGroup>
    <ResourceCompile Include="OgreRTC.rc" />
  </ItemGroup>
  <ItemGroup>
    <None Include="images\splashscreen.png" />
  </ItemGroup>
  <ItemGroup>
    <ClInclude Include="SimulationObj.h">
      <Filter>Header Files</Filter>
    </ClInclude>
    <ClInclude Include="QtMacro.h">
      <Filter>Header Files</Filter>
    </ClInclude>
    <ClInclude Include="PythonBoostObj.h">
      <Filter>Header Files</Filter>
    </ClInclude>
    <ClInclude Include="ParticleObj.h">
      <Filter>Header Files</Filter>
    </ClInclude>
    <ClInclude Include="OgreMacro.h">
      <Filter>Header Files</Filter>
    </ClInclude>
    <ClInclude Include="ODEJointObj.h">
      <Filter>Header Files</Filter>
    </ClInclude>
    <ClInclude Include="ODEBodyObj.h">
      <Filter>Header Files</Filter>
    </ClInclude>
    <ClInclude Include="NodeObj.h">
      <Filter>Header Files</Filter>
    </ClInclude>
    <ClInclude Include="LinkObj.h">
      <Filter>Header Files</Filter>
    </ClInclude>
    <ClInclude Include="LightObj.h">
      <Filter>Header Files</Filter>
    </ClInclude>
    <ClInclude Include="ImageSetObj.h">
      <Filter>Header Files</Filter>
    </ClInclude>
    <ClInclude Include="GUIObj.h">
      <Filter>Header Files</Filter>
    </ClInclude>
    <ClInclude Include="FileStreamFunc.h">
      <Filter>Header Files</Filter>
    </ClInclude>
    <ClInclude Include="AnimationObj.h">
      <Filter>Header Files</Filter>
    </ClInclude>
    <ClInclude Include="thirdparty\UnicodeF.h">
      <Filter>Header Files</Filter>
    </ClInclude>
    <ClInclude Include="thirdparty\BaseApplication.h">
      <Filter>Header Files</Filter>
    </ClInclude>
    <ClInclude Include="thirdparty\CEGUIFunc.h">
      <Filter>Header Files</Filter>
    </ClInclude>
    <ClInclude Include="thirdparty\SingletonT.h">
      <Filter>Header Files</Filter>
    </ClInclude>
  </ItemGroup>
</Project>